
Microsoft Visual Studio Solution File, Format Version 12.00
# Visual Studio Version 16
VisualStudioVersion = 16.0.31729.503
MinimumVisualStudioVersion = 10.0.40219.1
Project("{9A19103F-16F7-4668-BE54-9A1E7A4F7556}") = "Recycle_Plastic_Blazor", "Recycle_Plastic_Blazor\Recycle_Plastic_Blazor.csproj", "{7B5F01E3-3D88-4FEF-B07D-0F753D35566F}"
EndProject
Project("{9A19103F-16F7-4668-BE54-9A1E7A4F7556}") = "Entities", "..\Recycle_Plastic_API\Entities\Entities.csproj", "{500D13E8-3141-4A89-AAC8-432E73CB10DD}"
EndProject
Global
	GlobalSection(SolutionConfigurationPlatforms) = preSolution
		Debug|Any CPU = Debug|Any CPU
		Release|Any CPU = Release|Any CPU
	EndGlobalSection
	GlobalSection(ProjectConfigurationPlatforms) = postSolution
		{7B5F01E3-3D88-4FEF-B07D-0F753D35566F}.Debug|Any CPU.ActiveCfg = Debug|Any CPU
		{7B5F01E3-3D88-4FEF-B07D-0F753D35566F}.Debug|Any CPU.Build.0 = Debug|Any CPU
		{7B5F01E3-3D88-4FEF-B07D-0F753D35566F}.Release|Any CPU.ActiveCfg = Release|Any CPU
		{7B5F01E3-3D88-4FEF-B07D-0F753D35566F}.Release|Any CPU.Build.0 = Release|Any CPU
		{500D13E8-3141-4A89-AAC8-432E73CB10DD}.Debug|Any CPU.ActiveCfg = Debug|Any CPU
		{500D13E8-3141-4A89-AAC8-432E73CB10DD}.Debug|Any CPU.Build.0 = Debug|Any CPU
		{500D13E8-3141-4A89-AAC8-432E73CB10DD}.Release|Any CPU.ActiveCfg = Release|Any CPU
		{500D13E8-3141-4A89-AAC8-432E73CB10DD}.Release|Any CPU.Build.0 = Release|Any CPU
	EndGlobalSection
	GlobalSection(SolutionProperties) = preSolution
		HideSolutionNode = FALSE
	EndGlobalSection
	GlobalSection(ExtensibilityGlobals) = postSolution
		SolutionGuid = {623D0ADD-8341-4510-9D71-1A93562E0B47}
	EndGlobalSection
EndGlobal
