
Microsoft Visual Studio Solution File, Format Version 12.00
# Visual Studio Version 16
VisualStudioVersion = 16.0.30011.22
MinimumVisualStudioVersion = 10.0.40219.1
Project("{9A19103F-16F7-4668-BE54-9A1E7A4F7556}") = "Recycle_Plastic_API", "Recycle_Plastic_API\Recycle_Plastic_API.csproj", "{0EB8FAFE-6A4E-4EAC-9586-4671460DC046}"
EndProject
Project("{9A19103F-16F7-4668-BE54-9A1E7A4F7556}") = "Entities", "Entities\Entities.csproj", "{9FD03D77-909C-412D-884B-D36D3DFDBAE7}"
EndProject
Global
	GlobalSection(SolutionConfigurationPlatforms) = preSolution
		Debug|Any CPU = Debug|Any CPU
		Release|Any CPU = Release|Any CPU
	EndGlobalSection
	GlobalSection(ProjectConfigurationPlatforms) = postSolution
		{0EB8FAFE-6A4E-4EAC-9586-4671460DC046}.Debug|Any CPU.ActiveCfg = Debug|Any CPU
		{0EB8FAFE-6A4E-4EAC-9586-4671460DC046}.Debug|Any CPU.Build.0 = Debug|Any CPU
		{0EB8FAFE-6A4E-4EAC-9586-4671460DC046}.Release|Any CPU.ActiveCfg = Release|Any CPU
		{0EB8FAFE-6A4E-4EAC-9586-4671460DC046}.Release|Any CPU.Build.0 = Release|Any CPU
		{9FD03D77-909C-412D-884B-D36D3DFDBAE7}.Debug|Any CPU.ActiveCfg = Debug|Any CPU
		{9FD03D77-909C-412D-884B-D36D3DFDBAE7}.Debug|Any CPU.Build.0 = Debug|Any CPU
		{9FD03D77-909C-412D-884B-D36D3DFDBAE7}.Release|Any CPU.ActiveCfg = Release|Any CPU
		{9FD03D77-909C-412D-884B-D36D3DFDBAE7}.Release|Any CPU.Build.0 = Release|Any CPU
	EndGlobalSection
	GlobalSection(SolutionProperties) = preSolution
		HideSolutionNode = FALSE
	EndGlobalSection
	GlobalSection(ExtensibilityGlobals) = postSolution
		SolutionGuid = {6CE08909-FA6A-4FD4-A4F6-2D6584400B07}
	EndGlobalSection
EndGlobal
